
Microsoft Visual Studio Solution File, Format Version 12.00
# Visual Studio 15
Project("{FAE04EC0-301F-11D3-BF4B-00C04F79EFBC}") = "MobileNPC.Android", "MobileNPC.Android\MobileNPC.Android.csproj", "{C7284B8C-7C50-4327-9D4E-7E8435B17622}"
EndProject
Project("{FAE04EC0-301F-11D3-BF4B-00C04F79EFBC}") = "MobileNPC.iOS", "MobileNPC.iOS\MobileNPC.iOS.csproj", "{7C5D9620-23EC-4772-BCE8-3044FAAA6637}"
EndProject
Project("{FAE04EC0-301F-11D3-BF4B-00C04F79EFBC}") = "MobileNPC.MobileAppService", "MobileNPC.MobileAppService\MobileNPC.MobileAppService.csproj", "{CE0B8AF9-C88F-4027-8B69-A25A469262EE}"
EndProject
Project("{FAE04EC0-301F-11D3-BF4B-00C04F79EFBC}") = "MobileNPC.UITests", "MobileNPC.UITests\MobileNPC.UITests.csproj", "{EDE6DE73-FB6A-4254-B29A-A61A83730029}"
EndProject
Project("{FAE04EC0-301F-11D3-BF4B-00C04F79EFBC}") = "MobileNPC", "MobileNPC\MobileNPC.csproj", "{B337B613-4686-4374-90EE-2BE4BD48ABB3}"
EndProject
Global
	GlobalSection(SolutionConfigurationPlatforms) = preSolution
		Debug|Any CPU = Debug|Any CPU
		Release|Any CPU = Release|Any CPU
		Debug|iPhoneSimulator = Debug|iPhoneSimulator
		Release|iPhoneSimulator = Release|iPhoneSimulator
		Debug|iPhone = Debug|iPhone
		Release|iPhone = Release|iPhone
	EndGlobalSection
	GlobalSection(ProjectConfigurationPlatforms) = postSolution
		{C7284B8C-7C50-4327-9D4E-7E8435B17622}.Debug|Any CPU.ActiveCfg = Debug|Any CPU
		{C7284B8C-7C50-4327-9D4E-7E8435B17622}.Debug|Any CPU.Build.0 = Debug|Any CPU
		{C7284B8C-7C50-4327-9D4E-7E8435B17622}.Release|Any CPU.ActiveCfg = Release|Any CPU
		{C7284B8C-7C50-4327-9D4E-7E8435B17622}.Release|Any CPU.Build.0 = Release|Any CPU
		{C7284B8C-7C50-4327-9D4E-7E8435B17622}.Debug|iPhoneSimulator.ActiveCfg = Debug|Any CPU
		{C7284B8C-7C50-4327-9D4E-7E8435B17622}.Debug|iPhoneSimulator.Build.0 = Debug|Any CPU
		{C7284B8C-7C50-4327-9D4E-7E8435B17622}.Release|iPhoneSimulator.ActiveCfg = Release|Any CPU
		{C7284B8C-7C50-4327-9D4E-7E8435B17622}.Release|iPhoneSimulator.Build.0 = Release|Any CPU
		{C7284B8C-7C50-4327-9D4E-7E8435B17622}.Debug|iPhone.ActiveCfg = Debug|Any CPU
		{C7284B8C-7C50-4327-9D4E-7E8435B17622}.Debug|iPhone.Build.0 = Debug|Any CPU
		{C7284B8C-7C50-4327-9D4E-7E8435B17622}.Release|iPhone.ActiveCfg = Release|Any CPU
		{C7284B8C-7C50-4327-9D4E-7E8435B17622}.Release|iPhone.Build.0 = Release|Any CPU
		{7C5D9620-23EC-4772-BCE8-3044FAAA6637}.Debug|Any CPU.ActiveCfg = Debug|iPhoneSimulator
		{7C5D9620-23EC-4772-BCE8-3044FAAA6637}.Debug|Any CPU.Build.0 = Debug|iPhoneSimulator
		{7C5D9620-23EC-4772-BCE8-3044FAAA6637}.Release|Any CPU.ActiveCfg = Release|iPhoneSimulator
		{7C5D9620-23EC-4772-BCE8-3044FAAA6637}.Release|Any CPU.Build.0 = Release|iPhoneSimulator
		{7C5D9620-23EC-4772-BCE8-3044FAAA6637}.Debug|iPhoneSimulator.ActiveCfg = Debug|iPhoneSimulator
		{7C5D9620-23EC-4772-BCE8-3044FAAA6637}.Debug|iPhoneSimulator.Build.0 = Debug|iPhoneSimulator
		{7C5D9620-23EC-4772-BCE8-3044FAAA6637}.Release|iPhoneSimulator.ActiveCfg = Release|iPhoneSimulator
		{7C5D9620-23EC-4772-BCE8-3044FAAA6637}.Release|iPhoneSimulator.Build.0 = Release|iPhoneSimulator
		{7C5D9620-23EC-4772-BCE8-3044FAAA6637}.Debug|iPhone.ActiveCfg = Debug|iPhone
		{7C5D9620-23EC-4772-BCE8-3044FAAA6637}.Debug|iPhone.Build.0 = Debug|iPhone
		{7C5D9620-23EC-4772-BCE8-3044FAAA6637}.Release|iPhone.ActiveCfg = Release|iPhone
		{7C5D9620-23EC-4772-BCE8-3044FAAA6637}.Release|iPhone.Build.0 = Release|iPhone
		{CE0B8AF9-C88F-4027-8B69-A25A469262EE}.Debug|Any CPU.ActiveCfg = Debug|Any CPU
		{CE0B8AF9-C88F-4027-8B69-A25A469262EE}.Debug|Any CPU.Build.0 = Debug|Any CPU
		{CE0B8AF9-C88F-4027-8B69-A25A469262EE}.Release|Any CPU.ActiveCfg = Release|Any CPU
		{CE0B8AF9-C88F-4027-8B69-A25A469262EE}.Release|Any CPU.Build.0 = Release|Any CPU
		{CE0B8AF9-C88F-4027-8B69-A25A469262EE}.Debug|iPhoneSimulator.ActiveCfg = Debug|Any CPU
		{CE0B8AF9-C88F-4027-8B69-A25A469262EE}.Debug|iPhoneSimulator.Build.0 = Debug|Any CPU
		{CE0B8AF9-C88F-4027-8B69-A25A469262EE}.Release|iPhoneSimulator.ActiveCfg = Release|Any CPU
		{CE0B8AF9-C88F-4027-8B69-A25A469262EE}.Release|iPhoneSimulator.Build.0 = Release|Any CPU
		{CE0B8AF9-C88F-4027-8B69-A25A469262EE}.Debug|iPhone.ActiveCfg = Debug|Any CPU
		{CE0B8AF9-C88F-4027-8B69-A25A469262EE}.Debug|iPhone.Build.0 = Debug|Any CPU
		{CE0B8AF9-C88F-4027-8B69-A25A469262EE}.Release|iPhone.ActiveCfg = Release|Any CPU
		{CE0B8AF9-C88F-4027-8B69-A25A469262EE}.Release|iPhone.Build.0 = Release|Any CPU
		{EDE6DE73-FB6A-4254-B29A-A61A83730029}.Debug|Any CPU.ActiveCfg = Debug|Any CPU
		{EDE6DE73-FB6A-4254-B29A-A61A83730029}.Debug|Any CPU.Build.0 = Debug|Any CPU
		{EDE6DE73-FB6A-4254-B29A-A61A83730029}.Release|Any CPU.ActiveCfg = Release|Any CPU
		{EDE6DE73-FB6A-4254-B29A-A61A83730029}.Release|Any CPU.Build.0 = Release|Any CPU
		{EDE6DE73-FB6A-4254-B29A-A61A83730029}.Debug|iPhoneSimulator.ActiveCfg = Debug|Any CPU
		{EDE6DE73-FB6A-4254-B29A-A61A83730029}.Debug|iPhoneSimulator.Build.0 = Debug|Any CPU
		{EDE6DE73-FB6A-4254-B29A-A61A83730029}.Release|iPhoneSimulator.ActiveCfg = Release|Any CPU
		{EDE6DE73-FB6A-4254-B29A-A61A83730029}.Release|iPhoneSimulator.Build.0 = Release|Any CPU
		{EDE6DE73-FB6A-4254-B29A-A61A83730029}.Debug|iPhone.ActiveCfg = Debug|Any CPU
		{EDE6DE73-FB6A-4254-B29A-A61A83730029}.Debug|iPhone.Build.0 = Debug|Any CPU
		{EDE6DE73-FB6A-4254-B29A-A61A83730029}.Release|iPhone.ActiveCfg = Release|Any CPU
		{EDE6DE73-FB6A-4254-B29A-A61A83730029}.Release|iPhone.Build.0 = Release|Any CPU
		{B337B613-4686-4374-90EE-2BE4BD48ABB3}.Debug|Any CPU.ActiveCfg = Debug|Any CPU
		{B337B613-4686-4374-90EE-2BE4BD48ABB3}.Debug|Any CPU.Build.0 = Debug|Any CPU
		{B337B613-4686-4374-90EE-2BE4BD48ABB3}.Release|Any CPU.ActiveCfg = Release|Any CPU
		{B337B613-4686-4374-90EE-2BE4BD48ABB3}.Release|Any CPU.Build.0 = Release|Any CPU
		{B337B613-4686-4374-90EE-2BE4BD48ABB3}.Debug|iPhoneSimulator.ActiveCfg = Debug|Any CPU
		{B337B613-4686-4374-90EE-2BE4BD48ABB3}.Debug|iPhoneSimulator.Build.0 = Debug|Any CPU
		{B337B613-4686-4374-90EE-2BE4BD48ABB3}.Release|iPhoneSimulator.ActiveCfg = Release|Any CPU
		{B337B613-4686-4374-90EE-2BE4BD48ABB3}.Release|iPhoneSimulator.Build.0 = Release|Any CPU
		{B337B613-4686-4374-90EE-2BE4BD48ABB3}.Debug|iPhone.ActiveCfg = Debug|Any CPU
		{B337B613-4686-4374-90EE-2BE4BD48ABB3}.Debug|iPhone.Build.0 = Debug|Any CPU
		{B337B613-4686-4374-90EE-2BE4BD48ABB3}.Release|iPhone.ActiveCfg = Release|Any CPU
		{B337B613-4686-4374-90EE-2BE4BD48ABB3}.Release|iPhone.Build.0 = Release|Any CPU
	EndGlobalSection
EndGlobal
